
Microsoft Visual Studio Solution File, Format Version 12.00
# Visual Studio Version 17
VisualStudioVersion = 17.0.31903.59
MinimumVisualStudioVersion = 10.0.40219.1
Project("{2150E333-8FDC-42A3-9474-1A3956D46DE8}") = "src", "src", "{641427C8-4563-4D57-885E-3AC78C1A7028}"
EndProject
Project("{FAE04EC0-301F-11D3-BF4B-00C04F79EFBC}") = "IdentityServer", "src\IdentityServer\IdentityServer.csproj", "{E51BA44E-1AD8-4133-96E2-0E44CBFD273E}"
EndProject
Global
	GlobalSection(SolutionConfigurationPlatforms) = preSolution
		Debug|Any CPU = Debug|Any CPU
		Release|Any CPU = Release|Any CPU
	EndGlobalSection
	GlobalSection(SolutionProperties) = preSolution
		HideSolutionNode = FALSE
	EndGlobalSection
	GlobalSection(ProjectConfigurationPlatforms) = postSolution
		{E51BA44E-1AD8-4133-96E2-0E44CBFD273E}.Debug|Any CPU.ActiveCfg = Debug|Any CPU
		{E51BA44E-1AD8-4133-96E2-0E44CBFD273E}.Debug|Any CPU.Build.0 = Debug|Any CPU
		{E51BA44E-1AD8-4133-96E2-0E44CBFD273E}.Release|Any CPU.ActiveCfg = Release|Any CPU
		{E51BA44E-1AD8-4133-96E2-0E44CBFD273E}.Release|Any CPU.Build.0 = Release|Any CPU
	EndGlobalSection
	GlobalSection(NestedProjects) = preSolution
		{E51BA44E-1AD8-4133-96E2-0E44CBFD273E} = {641427C8-4563-4D57-885E-3AC78C1A7028}
	EndGlobalSection
EndGlobal
